{
  "name": "myBudget",
  "requires": true,
  "lockfileVersion": 1,
  "dependencies": {
    "startbootstrap-stylish-portfolio": {
      "version": "3.3.7",
      "resolved": "https://registry.npmjs.org/startbootstrap-stylish-portfolio/-/startbootstrap-stylish-portfolio-3.3.7.tgz",
      "integrity": "sha1-hNXoUt3Vt40TD63j+5OQozpsgYo="
    }
  }
}
